github.com/Kagami/go-avif v0.1.0 h1:8GHAGLxCdFfhpd4Zg8j1EqO7rtcQNenxIDerC/uu68w=
github.com/Kagami/go-avif v0.1.0/go.mod h1:OPmPqzNdQq3+sXm0HqaUJQ9W/4k+Elbc3RSfJUemDKA=
github.com/chai2010/webp v1.1.1 h1:jTRmEccAJ4MGrhFOrPMpNGIJ/eybIgwKpcACsrTEapk=
github.com/chai2010/webp v1.1.1/go.mod h1:0XVwvZWdjjdxpUEIf7b9g9VkHFnInUSYujwqTLEuldU=
github.com/felixge/httpsnoop v1.0.1/go.mod h1:m8KPJKqk1gH5J9DgRY2ASl2lWCfGKXixSwevea8zH2U=
github.com/felixge/httpsnoop v1.0.2 h1:+nS9g82KMXccJ/wp0zyRW9ZBHFETmMGtkk+2CTTrW4o=
github.com/felixge/httpsnoop v1.0.2/go.mod h1:m8KPJKqk1gH5J9DgRY2ASl2lWCfGKXixSwevea8zH2U=
github.com/felixge/httpsnoop v1.0.3 h1:s/nj+GCswXYzN5v2DpNMuMQYe+0DDwt5WVCU6CWBdXk=
github.com/felixge/httpsnoop v1.0.3/go.mod h1:m8KPJKqk1gH5J9DgRY2ASl2lWCfGKXixSwevea8zH2U=
github.com/google/go-cmp v0.5.4 h1:L8R9j+yAqZuZjsqh/z+F1NCffTKKLShY6zXTItVIZ8M=
github.com/google/go-cmp v0.5.4/go.mod h1:v8dTdLbMG2kIc/vJvl+f65V22dbkXbowE6jgT/gNBxE=
github.com/gorilla/handlers v1.5.1 h1:9lRY6j8DEeeBT10CvO9hGW0gmky0BprnvDI5vfhUHH4=
github.com/gorilla/handlers v1.5.1/go.mod h1:t8XrUpc4KVXb7HGyJ4/cEnwQiaxrX/hz1Zv/4g96P1Q=
github.com/gorilla/mux v1.8.0 h1:i40aqfkR1h2SlN9hojwV5ZA91wcXFOvkdNIeFDP5koI=
github.com/gorilla/mux v1.8.0/go.mod h1:DVbg23sWSpFRCP0SfiEN6jmj59UnW/n46BH5rLB71So=
github.com/nfnt/resize v0.0.0-20180221191011-83c6a9932646 h1:zYyBkD/k9seD2A7fsi6Oo2LfFZAehjjQMERAvZLEDnQ=
github.com/nfnt/resize v0.0.0-20180221191011-83c6a9932646/go.mod h1:jpp1/29i3P1S/RLdc7JQKbRpFeM1dOBd8T9ki5s+AY8=
github.com/psanford/memfs v0.0.0-20210214183328-a001468d78ef h1:NKxTG6GVGbfMXc2mIk+KphcH6hagbVXhcFkbTgYleTI=
github.com/psanford/memfs v0.0.0-20210214183328-a001468d78ef/go.mod h1:tcaRap0jS3eifrEEllL6ZMd9dg8IlDpi2S1oARrQ+NI=
golang.org/x/xerrors v0.0.0-20191204190536-9bdfabe68543/go.mod h1:I/5z698sn9Ka8TeJc9MKroUUfqBBauWjQqLJ2OPfmY0=
